<?xml version="1.0" encoding="utf-8"?>
<Project ToolsVersion="4.0" xmlns="http://schemas.microsoft.com/developer/msbuild/2003">
  <ItemGroup>
    <Filter Include="Source Files">
      <UniqueIdentifier>{4FC737F1-C7A5-4376-A066-2A32D752A2FF}</UniqueIdentifier>
      <Extensions>cpp;c;cc;cxx;c++;cppm;ixx;def;odl;idl;hpj;bat;asm;asmx</Extensions>
    </Filter>
    <Filter Include="Header Files">
      <UniqueIdentifier>{93995380-89BD-4b04-88EB-625FBE52EBFB}</UniqueIdentifier>
      <Extensions>h;hh;hpp;hxx;h++;hm;inl;inc;ipp;xsd</Extensions>
    </Filter>
    <Filter Include="Resource Files">
      <UniqueIdentifier>{67DA6AB6-F800-4c08-8B7A-83BB121AAD01}</UniqueIdentifier>
      <Extensions>rc;ico;cur;bmp;dlg;rc2;rct;bin;rgs;gif;jpg;jpeg;jpe;resx;tiff;tif;png;wav;mfcribbon-ms</Extensions>
    </Filter>
    <Filter Include="dep">
      <UniqueIdentifier>{58b94354-2d84-47dd-9420-03aec8481b02}</UniqueIdentifier>
    </Filter>
    <Filter Include="dep\wil">
      <UniqueIdentifier>{1c20a196-e31a-4acd-b1a7-17d570d6b68a}</UniqueIdentifier>
    </Filter>
  </ItemGroup>
  <ItemGroup>
    <Text Include="read.txt" />
    <Text Include="ideas.txt" />
    <Text Include="TODO.txt" />
    <Text Include="Todo_memory_scanning.txt" />
    <Text Include="ssdeep.txt" />
    <Text Include="history.txt" />
    <Text Include="DataInjecting.txt" />
    <Text Include="Toolhelp32Snapshot.txt" />
    <Text Include="process_hacker.txt" />
    <Text Include="old_code.txt" />
  </ItemGroup>
  <ItemGroup>
    <ClCompile Include="WinNtDll.cpp">
      <Filter>Source Files</Filter>
    </ClCompile>
    <ClCompile Include="precomp.cpp">
      <Filter>Source Files</Filter>
    </ClCompile>
    <ClCompile Include="WinKernel32Dll.cpp">
      <Filter>Source Files</Filter>
    </ClCompile>
  </ItemGroup>
  <ItemGroup>
    <ClInclude Include="MemoryChecker.h.bak">
      <Filter>Header Files</Filter>
    </ClInclude>
    <ClInclude Include="WinNtDll.h">
      <Filter>Header Files</Filter>
    </ClInclude>
    <ClInclude Include="precomp.h">
      <Filter>Header Files</Filter>
    </ClInclude>
    <ClInclude Include="AdditionalLibraries.h">
      <Filter>Header Files</Filter>
    </ClInclude>
    <ClInclude Include="..\dep\wil\com.h">
      <Filter>dep\wil</Filter>
    </ClInclude>
    <ClInclude Include="..\dep\wil\common.h">
      <Filter>dep\wil</Filter>
    </ClInclude>
    <ClInclude Include="..\dep\wil\cppwinrt.h">
      <Filter>dep\wil</Filter>
    </ClInclude>
    <ClInclude Include="..\dep\wil\cppwinrt_wrl.h">
      <Filter>dep\wil</Filter>
    </ClInclude>
    <ClInclude Include="..\dep\wil\filesystem.h">
      <Filter>dep\wil</Filter>
    </ClInclude>
    <ClInclude Include="..\dep\wil\nt_result_macros.h">
      <Filter>dep\wil</Filter>
    </ClInclude>
    <ClInclude Include="..\dep\wil\registry.h">
      <Filter>dep\wil</Filter>
    </ClInclude>
    <ClInclude Include="..\dep\wil\resource.h">
      <Filter>dep\wil</Filter>
    </ClInclude>
    <ClInclude Include="..\dep\wil\result.h">
      <Filter>dep\wil</Filter>
    </ClInclude>
    <ClInclude Include="..\dep\wil\result_macros.h">
      <Filter>dep\wil</Filter>
    </ClInclude>
    <ClInclude Include="..\dep\wil\result_originate.h">
      <Filter>dep\wil</Filter>
    </ClInclude>
    <ClInclude Include="..\dep\wil\rpc_helpers.h">
      <Filter>dep\wil</Filter>
    </ClInclude>
    <ClInclude Include="..\dep\wil\safecast.h">
      <Filter>dep\wil</Filter>
    </ClInclude>
    <ClInclude Include="..\dep\wil\stl.h">
      <Filter>dep\wil</Filter>
    </ClInclude>
    <ClInclude Include="..\dep\wil\token_helpers.h">
      <Filter>dep\wil</Filter>
    </ClInclude>
    <ClInclude Include="..\dep\wil\win32_helpers.h">
      <Filter>dep\wil</Filter>
    </ClInclude>
    <ClInclude Include="..\dep\wil\winrt.h">
      <Filter>dep\wil</Filter>
    </ClInclude>
    <ClInclude Include="..\dep\wil\wistd_config.h">
      <Filter>dep\wil</Filter>
    </ClInclude>
    <ClInclude Include="..\dep\wil\wistd_functional.h">
      <Filter>dep\wil</Filter>
    </ClInclude>
    <ClInclude Include="..\dep\wil\wistd_memory.h">
      <Filter>dep\wil</Filter>
    </ClInclude>
    <ClInclude Include="..\dep\wil\wistd_type_traits.h">
      <Filter>dep\wil</Filter>
    </ClInclude>
    <ClInclude Include="..\dep\wil\wrl.h">
      <Filter>dep\wil</Filter>
    </ClInclude>
    <ClInclude Include="WinKernel32Dll.h">
      <Filter>Header Files</Filter>
    </ClInclude>
  </ItemGroup>
</Project>